
Microsoft Visual Studio Solution File, Format Version 9.00
# Visual Studio 2005
Project("{FAE04EC0-301F-11D3-BF4B-00C04F79EFBC}") = "Framework", "Framework.csproj", "{23B28C44-059F-4081-9258-0DA86271D400}"
EndProject
Global
	GlobalSection(SolutionConfigurationPlatforms) = preSolution
		Debug|Any CPU = Debug|Any CPU
		Release|Any CPU = Release|Any CPU
	EndGlobalSection
	GlobalSection(ProjectConfigurationPlatforms) = postSolution
		{23B28C44-059F-4081-9258-0DA86271D400}.Debug|Any CPU.ActiveCfg = Debug|Any CPU
		{23B28C44-059F-4081-9258-0DA86271D400}.Debug|Any CPU.Build.0 = Debug|Any CPU
		{23B28C44-059F-4081-9258-0DA86271D400}.Release|Any CPU.ActiveCfg = Release|Any CPU
		{23B28C44-059F-4081-9258-0DA86271D400}.Release|Any CPU.Build.0 = Release|Any CPU
	EndGlobalSection
	GlobalSection(SolutionProperties) = preSolution
		HideSolutionNode = FALSE
	EndGlobalSection
EndGlobal
